
Microsoft Visual Studio Solution File, Format Version 12.00
# Visual Studio Version 16
VisualStudioVersion = 16.0.33027.164
MinimumVisualStudioVersion = 10.0.40219.1
Project("{FAE04EC0-301F-11D3-BF4B-00C04F79EFBC}") = "HBSecurityMVC", "HBSecurityMVC\HBSecurityMVC.csproj", "{03C2AE01-1E20-407A-B0FA-FCE866D49ED6}"
EndProject
Global
	GlobalSection(SolutionConfigurationPlatforms) = preSolution
		Debug|Any CPU = Debug|Any CPU
		Release|Any CPU = Release|Any CPU
	EndGlobalSection
	GlobalSection(ProjectConfigurationPlatforms) = postSolution
		{03C2AE01-1E20-407A-B0FA-FCE866D49ED6}.Debug|Any CPU.ActiveCfg = Debug|Any CPU
		{03C2AE01-1E20-407A-B0FA-FCE866D49ED6}.Debug|Any CPU.Build.0 = Debug|Any CPU
		{03C2AE01-1E20-407A-B0FA-FCE866D49ED6}.Release|Any CPU.ActiveCfg = Release|Any CPU
		{03C2AE01-1E20-407A-B0FA-FCE866D49ED6}.Release|Any CPU.Build.0 = Release|Any CPU
	EndGlobalSection
	GlobalSection(SolutionProperties) = preSolution
		HideSolutionNode = FALSE
	EndGlobalSection
	GlobalSection(ExtensibilityGlobals) = postSolution
		SolutionGuid = {E6751DDF-72A2-4881-8F44-DCA2C8C59D47}
	EndGlobalSection
EndGlobal
